// !$*UTF8*$!
{
	archiveVersion = 1;
	classes = {
	};
	objectVersion = 50;
	objects = {

/* Begin PBXBuildFile section */
		D86ECAD327E5507400645AAE /* AppDelegate.swift in Sources */ = {isa = PBXBuildFile; fileRef = D86ECAD227E5507400645AAE /* AppDelegate.swift */; };
		D86ECAD527E5507400645AAE /* SceneDelegate.swift in Sources */ = {isa = PBXBuildFile; fileRef = D86ECAD427E5507400645AAE /* SceneDelegate.swift */; };
		D86ECAD727E5507400645AAE /* ViewController.swift in Sources */ = {isa = PBXBuildFile; fileRef = D86ECAD627E5507400645AAE /* ViewController.swift */; };
		D86ECADA27E5507400645AAE /* Main.storyboard in Resources */ = {isa = PBXBuildFile; fileRef = D86ECAD827E5507400645AAE /* Main.storyboard */; };
		D86ECADC27E5507B00645AAE /* Assets.xcassets in Resources */ = {isa = PBXBuildFile; fileRef = D86ECADB27E5507B00645AAE /* Assets.xcassets */; };
		D86ECADF27E5507B00645AAE /* LaunchScreen.storyboard in Resources */ = {isa = PBXBuildFile; fileRef = D86ECADD27E5507B00645AAE /* LaunchScreen.storyboard */; };
		D86ECAE827E55A8000645AAE /* DataModels.swift in Sources */ = {isa = PBXBuildFile; fileRef = D86ECAE727E55A8000645AAE /* DataModels.swift */; };
		D86ECAEB27E5633E00645AAE /* DataSource.swift in Sources */ = {isa = PBXBuildFile; fileRef = D86ECAEA27E5633E00645AAE /* DataSource.swift */; };
/* End PBXBuildFile section */

/* Begin PBXFileReference section */
		D86ECACF27E5507400645AAE /* selinopenweather.app */ = {isa = PBXFileReference; explicitFileType = wrapper.application; includeInIndex = 0; path = selinopenweather.app; sourceTree = BUILT_PRODUCTS_DIR; };
		D86ECAD227E5507400645AAE /* AppDelegate.swift */ = {isa = PBXFileReference; lastKnownFileType = sourcecode.swift; path = AppDelegate.swift; sourceTree = "<group>"; };
		D86ECAD427E5507400645AAE /* SceneDelegate.swift */ = {isa = PBXFileReference; lastKnownFileType = sourcecode.swift; path = SceneDelegate.swift; sourceTree = "<group>"; };
		D86ECAD627E5507400645AAE /* ViewController.swift */ = {isa = PBXFileReference; lastKnownFileType = sourcecode.swift; path = ViewController.swift; sourceTree = "<group>"; };
		D86ECAD927E5507400645AAE /* Base */ = {isa = PBXFileReference; lastKnownFileType = file.storyboard; name = Base; path = Base.lproj/Main.storyboard; sourceTree = "<group>"; };
		D86ECADB27E5507B00645AAE /* Assets.xcassets */ = {isa = PBXFileReference; lastKnownFileType = folder.assetcatalog; path = Assets.xcassets; sourceTree = "<group>"; };
		D86ECADE27E5507B00645AAE /* Base */ = {isa = PBXFileReference; lastKnownFileType = file.storyboard; name = Base; path = Base.lproj/LaunchScreen.storyboard; sourceTree = "<group>"; };
		D86ECAE027E5507B00645AAE /* Info.plist */ = {isa = PBXFileReference; lastKnownFileType = text.plist.xml; path = Info.plist; sourceTree = "<group>"; };
		D86ECAE727E55A8000645AAE /* DataModels.swift */ = {isa = PBXFileReference; lastKnownFileType = sourcecode.swift; path = DataModels.swift; sourceTree = "<group>"; };
		D86ECAEA27E5633E00645AAE /* DataSource.swift */ = {isa = PBXFileReference; fileEncoding = 4; lastKnownFileType = sourcecode.swift; name = DataSource.swift; path = ../../../Downloads/Resources/DataSource.swift; sourceTree = "<group>"; };
/* End PBXFileReference section */

/* Begin PBXFrameworksBuildPhase section */
		D86ECACC27E5507400645AAE /* Frameworks */ = {
			isa = PBXFrameworksBuildPhase;
			buildActionMask = 2147483647;
			files = (
			);
			runOnlyForDeploymentPostprocessing = 0;
		};
/* End PBXFrameworksBuildPhase section */

/* Begin PBXGroup section */
		D86ECAC627E5507400645AAE = {
			isa = PBXGroup;
			children = (
				D86ECAE727E55A8000645AAE /* DataModels.swift */,
				D86ECAD127E5507400645AAE /* selinopenweather */,
				D86ECAD027E5507400645AAE /* Products */,
			);
			sourceTree = "<group>";
		};
		D86ECAD027E5507400645AAE /* Products */ = {
			isa = PBXGroup;
			children = (
				D86ECACF27E5507400645AAE /* selinopenweather.app */,
			);
			name = Products;
			sourceTree = "<group>";
		};
		D86ECAD127E5507400645AAE /* selinopenweather */ = {
			isa = PBXGroup;
			children = (
				D86ECAD227E5507400645AAE /* AppDelegate.swift */,
				D86ECAD427E5507400645AAE /* SceneDelegate.swift */,
				D86ECAD627E5507400645AAE /* ViewController.swift */,
				D86ECAEA27E5633E00645AAE /* DataSource.swift */,
				D86ECAD827E5507400645AAE /* Main.storyboard */,
				D86ECADB27E5507B00645AAE /* Assets.xcassets */,
				D86ECADD27E5507B00645AAE /* LaunchScreen.storyboard */,
				D86ECAE027E5507B00645AAE /* Info.plist */,
			);
			path = selinopenweather;
			sourceTree = "<group>";
		};
/* End PBXGroup section */

/* Begin PBXNativeTarget section */
		D86ECACE27E5507400645AAE /* selinopenweather */ = {
			isa = PBXNativeTarget;
			buildConfigurationList = D86ECAE327E5507B00645AAE /* Build configuration list for PBXNativeTarget "selinopenweather" */;
			buildPhases = (
				D86ECACB27E5507400645AAE /* Sources */,
				D86ECACC27E5507400645AAE /* Frameworks */,
				D86ECACD27E5507400645AAE /* Resources */,
			);
			buildRules = (
			);
			dependencies = (
			);
			name = selinopenweather;
			productName = selinopenweather;
			productReference = D86ECACF27E5507400645AAE /* selinopenweather.app */;
			productType = "com.apple.product-type.application";
		};
/* End PBXNativeTarget section */

/* Begin PBXProject section */
		D86ECAC727E5507400645AAE /* Project object */ = {
			isa = PBXProject;
			attributes = {
				LastSwiftUpdateCheck = 1230;
				LastUpgradeCheck = 1230;
				TargetAttributes = {
					D86ECACE27E5507400645AAE = {
						CreatedOnToolsVersion = 12.3;
					};
				};
			};
			buildConfigurationList = D86ECACA27E5507400645AAE /* Build configuration list for PBXProject "selinopenweather" */;
			compatibilityVersion = "Xcode 9.3";
			developmentRegion = en;
			hasScannedForEncodings = 0;
			knownRegions = (
				en,
				Base,
			);
			mainGroup = D86ECAC627E5507400645AAE;
			productRefGroup = D86ECAD027E5507400645AAE /* Products */;
			projectDirPath = "";
			projectRoot = "";
			targets = (
				D86ECACE27E5507400645AAE /* selinopenweather */,
			);
		};
/* End PBXProject section */

/* Begin PBXResourcesBuildPhase section */
		D86ECACD27E5507400645AAE /* Resources */ = {
			isa = PBXResourcesBuildPhase;
			buildActionMask = 2147483647;
			files = (
				D86ECADF27E5507B00645AAE /* LaunchScreen.storyboard in Resources */,
				D86ECADC27E5507B00645AAE /* Assets.xcassets in Resources */,
				D86ECADA27E5507400645AAE /* Main.storyboard in Resources */,
			);
			runOnlyForDeploymentPostprocessing = 0;
		};
/* End PBXResourcesBuildPhase section */

/* Begin PBXSourcesBuildPhase section */
		D86ECACB27E5507400645AAE /* Sources */ = {
			isa = PBXSourcesBuildPhase;
			buildActionMask = 2147483647;
			files = (
				D86ECAD727E5507400645AAE /* ViewController.swift in Sources */,
				D86ECAE827E55A8000645AAE /* DataModels.swift in Sources */,
				D86ECAD327E5507400645AAE /* AppDelegate.swift in Sources */,
				D86ECAEB27E5633E00645AAE /* DataSource.swift in Sources */,
				D86ECAD527E5507400645AAE /* SceneDelegate.swift in Sources */,
			);
			runOnlyForDeploymentPostprocessing = 0;
		};
/* End PBXSourcesBuildPhase section */

/* Begin PBXVariantGroup section */
		D86ECAD827E5507400645AAE /* Main.storyboard */ = {
			isa = PBXVariantGroup;
			children = (
				D86ECAD927E5507400645AAE /* Base */,
			);
			name = Main.storyboard;
			sourceTree = "<group>";
		};
		D86ECADD27E5507B00645AAE /* LaunchScreen.storyboard */ = {
			isa = PBXVariantGroup;
			children = (
				D86ECADE27E5507B00645AAE /* Base */,
			);
			name = LaunchScreen.storyboard;
			sourceTree = "<group>";
		};
/* End PBXVariantGroup section */

/* Begin XCBuildConfiguration section */
		D86ECAE127E5507B00645AAE /* Debug */ = {
			isa = XCBuildConfiguration;
			buildSettings = {
				ALWAYS_SEARCH_USER_PATHS = NO;
				CLANG_ANALYZER_NONNULL = YES;
				CLANG_ANALYZER_NUMBER_OBJECT_CONVERSION = YES_AGGRESSIVE;
				CLANG_CXX_LANGUAGE_STANDARD = "gnu++14";
				CLANG_CXX_LIBRARY = "libc++";
				CLANG_ENABLE_MODULES = YES;
				CLANG_ENABLE_OBJC_ARC = YES;
				CLANG_ENABLE_OBJC_WEAK = YES;
				CLANG_WARN_BLOCK_CAPTURE_AUTORELEASING = YES;
				CLANG_WARN_BOOL_CONVERSION = YES;
				CLANG_WARN_COMMA = YES;
				CLANG_WARN_CONSTANT_CONVERSION = YES;
				CLANG_WARN_DEPRECATED_OBJC_IMPLEMENTATIONS = YES;
				CLANG_WARN_DIRECT_OBJC_ISA_USAGE = YES_ERROR;
				CLANG_WARN_DOCUMENTATION_COMMENTS = YES;
				CLANG_WARN_EMPTY_BODY = YES;
				CLANG_WARN_ENUM_CONVERSION = YES;
				CLANG_WARN_INFINITE_RECURSION = YES;
				CLANG_WARN_INT_CONVERSION = YES;
				CLANG_WARN_NON_LITERAL_NULL_CONVERSION = YES;
				CLANG_WARN_OBJC_IMPLICIT_RETAIN_SELF = YES;
				CLANG_WARN_OBJC_LITERAL_CONVERSION = YES;
				CLANG_WARN_OBJC_ROOT_CLASS = YES_ERROR;
				CLANG_WARN_QUOTED_INCLUDE_IN_FRAMEWORK_HEADER = YES;
				CLANG_WARN_RANGE_LOOP_ANALYSIS = YES;
				CLANG_WARN_STRICT_PROTOTYPES = YES;
				CLANG_WARN_SUSPICIOUS_MOVE = YES;
				CLANG_WARN_UNGUARDED_AVAILABILITY = YES_AGGRESSIVE;
				CLANG_WARN_UNREACHABLE_CODE = YES;
				CLANG_WARN__DUPLICATE_METHOD_MATCH = YES;
				COPY_PHASE_STRIP = NO;
				DEBUG_INFORMATION_FORMAT = dwarf;
				ENABLE_STRICT_OBJC_MSGSEND = YES;
				ENABLE_TESTABILITY = YES;
				GCC_C_LANGUAGE_STANDARD = gnu11;
				GCC_DYNAMIC_NO_PIC = NO;
				GCC_NO_COMMON_BLOCKS = YES;
				GCC_OPTIMIZATION_LEVEL = 0;
				GCC_PREPROCESSOR_DEFINITIONS = (
					"DEBUG=1",
					"$(inherited)",
				);
				GCC_WARN_64_TO_32_BIT_CONVERSION = YES;
				GCC_WARN_ABOUT_RETURN_TYPE = YES_ERROR;
				GCC_WARN_UNDECLARED_SELECTOR = YES;
				GCC_WARN_UNINITIALIZED_AUTOS = YES_AGGRESSIVE;
				GCC_WARN_UNUSED_FUNCTION = YES;
				GCC_WARN_UNUSED_VARIABLE = YES;
				IPHONEOS_DEPLOYMENT_TARGET = 14.3;
				MTL_ENABLE_DEBUG_INFO = INCLUDE_SOURCE;
				MTL_FAST_MATH = YES;
				ONLY_ACTIVE_ARCH = YES;
				SDKROOT = iphoneos;
				SWIFT_ACTIVE_COMPILATION_CONDITIONS = DEBUG;
				SWIFT_OPTIMIZATION_LEVEL = "-Onone";
			};
			name = Debug;
		};
		D86ECAE227E5507B00645AAE /* Release */ = {
			isa = XCBuildConfiguration;
			buildSettings = {
				ALWAYS_SEARCH_USER_PATHS = NO;
				CLANG_ANALYZER_NONNULL = YES;
				CLANG_ANALYZER_NUMBER_OBJECT_CONVERSION = YES_AGGRESSIVE;
				CLANG_CXX_LANGUAGE_STANDARD = "gnu++14";
				CLANG_CXX_LIBRARY = "libc++";
				CLANG_ENABLE_MODULES = YES;
				CLANG_ENABLE_OBJC_ARC = YES;
				CLANG_ENABLE_OBJC_WEAK = YES;
				CLANG_WARN_BLOCK_CAPTURE_AUTORELEASING = YES;
				CLANG_WARN_BOOL_CONVERSION = YES;
				CLANG_WARN_COMMA = YES;
				CLANG_WARN_CONSTANT_CONVERSION = YES;
				CLANG_WARN_DEPRECATED_OBJC_IMPLEMENTATIONS = YES;
				CLANG_WARN_DIRECT_OBJC_ISA_USAGE = YES_ERROR;
				CLANG_WARN_DOCUMENTATION_COMMENTS = YES;
				CLANG_WARN_EMPTY_BODY = YES;
				CLANG_WARN_ENUM_CONVERSION = YES;
				CLANG_WARN_INFINITE_RECURSION = YES;
				CLANG_WARN_INT_CONVERSION = YES;
				CLANG_WARN_NON_LITERAL_NULL_CONVERSION = YES;
				CLANG_WARN_OBJC_IMPLICIT_RETAIN_SELF = YES;
				CLANG_WARN_OBJC_LITERAL_CONVERSION = YES;
				CLANG_WARN_OBJC_ROOT_CLASS = YES_ERROR;
				CLANG_WARN_QUOTED_INCLUDE_IN_FRAMEWORK_HEADER = YES;
				CLANG_WARN_RANGE_LOOP_ANALYSIS = YES;
				CLANG_WARN_STRICT_PROTOTYPES = YES;
				CLANG_WARN_SUSPICIOUS_MOVE = YES;
				CLANG_WARN_UNGUARDED_AVAILABILITY = YES_AGGRESSIVE;
				CLANG_WARN_UNREACHABLE_CODE = YES;
				CLANG_WARN__DUPLICATE_METHOD_MATCH = YES;
				COPY_PHASE_STRIP = NO;
				DEBUG_INFORMATION_FORMAT = "dwarf-with-dsym";
				ENABLE_NS_ASSERTIONS = NO;
				ENABLE_STRICT_OBJC_MSGSEND = YES;
				GCC_C_LANGUAGE_STANDARD = gnu11;
				GCC_NO_COMMON_BLOCKS = YES;
				GCC_WARN_64_TO_32_BIT_CONVERSION = YES;
				GCC_WARN_ABOUT_RETURN_TYPE = YES_ERROR;
				GCC_WARN_UNDECLARED_SELECTOR = YES;
				GCC_WARN_UNINITIALIZED_AUTOS = YES_AGGRESSIVE;
				GCC_WARN_UNUSED_FUNCTION = YES;
				GCC_WARN_UNUSED_VARIABLE = YES;
				IPHONEOS_DEPLOYMENT_TARGET = 14.3;
				MTL_ENABLE_DEBUG_INFO = NO;
				MTL_FAST_MATH = YES;
				SDKROOT = iphoneos;
				SWIFT_COMPILATION_MODE = wholemodule;
				SWIFT_OPTIMIZATION_LEVEL = "-O";
				VALIDATE_PRODUCT = YES;
			};
			name = Release;
		};
		D86ECAE427E5507B00645AAE /* Debug */ = {
			isa = XCBuildConfiguration;
			buildSettings = {
				ASSETCATALOG_COMPILER_APPICON_NAME = AppIcon;
				ASSETCATALOG_COMPILER_GLOBAL_ACCENT_COLOR_NAME = AccentColor;
				CODE_SIGN_STYLE = Automatic;
				INFOPLIST_FILE = selinopenweather/Info.plist;
				LD_RUNPATH_SEARCH_PATHS = (
					"$(inherited)",
					"@executable_path/Frameworks",
				);
				PRODUCT_BUNDLE_IDENTIFIER = afafs.selinopenweather;
				PRODUCT_NAME = "$(TARGET_NAME)";
				SWIFT_VERSION = 5.0;
				TARGETED_DEVICE_FAMILY = "1,2";
			};
			name = Debug;
		};
		D86ECAE527E5507B00645AAE /* Release */ = {
			isa = XCBuildConfiguration;
			buildSettings = {
				ASSETCATALOG_COMPILER_APPICON_NAME = AppIcon;
				ASSETCATALOG_COMPILER_GLOBAL_ACCENT_COLOR_NAME = AccentColor;
				CODE_SIGN_STYLE = Automatic;
				INFOPLIST_FILE = selinopenweather/Info.plist;
				LD_RUNPATH_SEARCH_PATHS = (
					"$(inherited)",
					"@executable_path/Frameworks",
				);
				PRODUCT_BUNDLE_IDENTIFIER = afafs.selinopenweather;
				PRODUCT_NAME = "$(TARGET_NAME)";
				SWIFT_VERSION = 5.0;
				TARGETED_DEVICE_FAMILY = "1,2";
			};
			name = Release;
		};
/* End XCBuildConfiguration section */

/* Begin XCConfigurationList section */
		D86ECACA27E5507400645AAE /* Build configuration list for PBXProject "selinopenweather" */ = {
			isa = XCConfigurationList;
			buildConfigurations = (
				D86ECAE127E5507B00645AAE /* Debug */,
				D86ECAE227E5507B00645AAE /* Release */,
			);
			defaultConfigurationIsVisible = 0;
			defaultConfigurationName = Release;
		};
		D86ECAE327E5507B00645AAE /* Build configuration list for PBXNativeTarget "selinopenweather" */ = {
			isa = XCConfigurationList;
			buildConfigurations = (
				D86ECAE427E5507B00645AAE /* Debug */,
				D86ECAE527E5507B00645AAE /* Release */,
			);
			defaultConfigurationIsVisible = 0;
			defaultConfigurationName = Release;
		};
/* End XCConfigurationList section */
	};
	rootObject = D86ECAC727E5507400645AAE /* Project object */;
}
